
Microsoft Visual Studio Solution File, Format Version 12.00
# Visual Studio Version 17
VisualStudioVersion = 17.2.32616.157
MinimumVisualStudioVersion = 10.0.40219.1
Project("{9A19103F-16F7-4668-BE54-9A1E7A4F7556}") = "Proyecto_1API", "Proyecto_1API\Proyecto_1API.csproj", "{0FC456A6-6201-403F-8A61-A1D3D765D5BA}"
EndProject
Project("{9A19103F-16F7-4668-BE54-9A1E7A4F7556}") = "Proyecto1V1", "Proyecto1V1\Proyecto1V1.csproj", "{C62ED6A6-9B5A-4A70-88C4-347022DE3303}"
EndProject
Global
	GlobalSection(SolutionConfigurationPlatforms) = preSolution
		Debug|Any CPU = Debug|Any CPU
		Release|Any CPU = Release|Any CPU
	EndGlobalSection
	GlobalSection(ProjectConfigurationPlatforms) = postSolution
		{0FC456A6-6201-403F-8A61-A1D3D765D5BA}.Debug|Any CPU.ActiveCfg = Debug|Any CPU
		{0FC456A6-6201-403F-8A61-A1D3D765D5BA}.Debug|Any CPU.Build.0 = Debug|Any CPU
		{0FC456A6-6201-403F-8A61-A1D3D765D5BA}.Release|Any CPU.ActiveCfg = Release|Any CPU
		{0FC456A6-6201-403F-8A61-A1D3D765D5BA}.Release|Any CPU.Build.0 = Release|Any CPU
		{C62ED6A6-9B5A-4A70-88C4-347022DE3303}.Debug|Any CPU.ActiveCfg = Debug|Any CPU
		{C62ED6A6-9B5A-4A70-88C4-347022DE3303}.Debug|Any CPU.Build.0 = Debug|Any CPU
		{C62ED6A6-9B5A-4A70-88C4-347022DE3303}.Release|Any CPU.ActiveCfg = Release|Any CPU
		{C62ED6A6-9B5A-4A70-88C4-347022DE3303}.Release|Any CPU.Build.0 = Release|Any CPU
	EndGlobalSection
	GlobalSection(SolutionProperties) = preSolution
		HideSolutionNode = FALSE
	EndGlobalSection
	GlobalSection(ExtensibilityGlobals) = postSolution
		SolutionGuid = {61AFD7CB-CF56-4497-BED9-0346B93A3319}
	EndGlobalSection
EndGlobal
